
Microsoft Visual Studio Solution File, Format Version 12.00
# Visual Studio 15
VisualStudioVersion = 15.0.26403.3
MinimumVisualStudioVersion = 10.0.40219.1
Project("{FAE04EC0-301F-11D3-BF4B-00C04F79EFBC}") = "HSLogging", "HS.Logging\HSLogging.csproj", "{033ABEF1-4D20-4429-A832-49E7A43A6D01}"
EndProject
Project("{FAE04EC0-301F-11D3-BF4B-00C04F79EFBC}") = "LoggingTests", "LoggingTests\LoggingTests.csproj", "{22C26A96-10B4-426C-A376-6B6597CA9E9D}"
EndProject
Global
	GlobalSection(SolutionConfigurationPlatforms) = preSolution
		Debug|Any CPU = Debug|Any CPU
		Release|Any CPU = Release|Any CPU
	EndGlobalSection
	GlobalSection(ProjectConfigurationPlatforms) = postSolution
		{033ABEF1-4D20-4429-A832-49E7A43A6D01}.Debug|Any CPU.ActiveCfg = Debug|Any CPU
		{033ABEF1-4D20-4429-A832-49E7A43A6D01}.Debug|Any CPU.Build.0 = Debug|Any CPU
		{033ABEF1-4D20-4429-A832-49E7A43A6D01}.Release|Any CPU.ActiveCfg = Release|Any CPU
		{033ABEF1-4D20-4429-A832-49E7A43A6D01}.Release|Any CPU.Build.0 = Release|Any CPU
		{22C26A96-10B4-426C-A376-6B6597CA9E9D}.Debug|Any CPU.ActiveCfg = Debug|Any CPU
		{22C26A96-10B4-426C-A376-6B6597CA9E9D}.Debug|Any CPU.Build.0 = Debug|Any CPU
		{22C26A96-10B4-426C-A376-6B6597CA9E9D}.Release|Any CPU.ActiveCfg = Release|Any CPU
		{22C26A96-10B4-426C-A376-6B6597CA9E9D}.Release|Any CPU.Build.0 = Release|Any CPU
	EndGlobalSection
	GlobalSection(SolutionProperties) = preSolution
		HideSolutionNode = FALSE
	EndGlobalSection
EndGlobal
